
Microsoft Visual Studio Solution File, Format Version 12.00
# Visual Studio Version 16
VisualStudioVersion = 16.0.30804.86
MinimumVisualStudioVersion = 10.0.40219.1
Project("{9A19103F-16F7-4668-BE54-9A1E7A4F7556}") = "TraceURL", "TraceURL\TraceURL.csproj", "{4717E425-3B7B-4173-8E8E-1BD5A36F4B0A}"
EndProject
Project("{9A19103F-16F7-4668-BE54-9A1E7A4F7556}") = "TraceURL.TEST", "TraceURL.TEST\TraceURL.TEST.csproj", "{665BF54C-AA04-4512-8E96-01AAD9320FC2}"
EndProject
Project("{2150E333-8FDC-42A3-9474-1A3956D46DE8}") = "Solution Items", "Solution Items", "{0DC7E797-CD53-4585-9D96-F5A1843C69C2}"
	ProjectSection(SolutionItems) = preProject
		.editorconfig = .editorconfig
	EndProjectSection
EndProject
Global
	GlobalSection(SolutionConfigurationPlatforms) = preSolution
		Debug|Any CPU = Debug|Any CPU
		Release|Any CPU = Release|Any CPU
	EndGlobalSection
	GlobalSection(ProjectConfigurationPlatforms) = postSolution
		{4717E425-3B7B-4173-8E8E-1BD5A36F4B0A}.Debug|Any CPU.ActiveCfg = Debug|Any CPU
		{4717E425-3B7B-4173-8E8E-1BD5A36F4B0A}.Debug|Any CPU.Build.0 = Debug|Any CPU
		{4717E425-3B7B-4173-8E8E-1BD5A36F4B0A}.Release|Any CPU.ActiveCfg = Release|Any CPU
		{4717E425-3B7B-4173-8E8E-1BD5A36F4B0A}.Release|Any CPU.Build.0 = Release|Any CPU
		{665BF54C-AA04-4512-8E96-01AAD9320FC2}.Debug|Any CPU.ActiveCfg = Debug|Any CPU
		{665BF54C-AA04-4512-8E96-01AAD9320FC2}.Debug|Any CPU.Build.0 = Debug|Any CPU
		{665BF54C-AA04-4512-8E96-01AAD9320FC2}.Release|Any CPU.ActiveCfg = Release|Any CPU
		{665BF54C-AA04-4512-8E96-01AAD9320FC2}.Release|Any CPU.Build.0 = Release|Any CPU
	EndGlobalSection
	GlobalSection(SolutionProperties) = preSolution
		HideSolutionNode = FALSE
	EndGlobalSection
	GlobalSection(ExtensibilityGlobals) = postSolution
		SolutionGuid = {D2D97B16-60C2-41AE-AEB1-EEF9D1A1FA7A}
	EndGlobalSection
EndGlobal
